
Microsoft Visual Studio Solution File, Format Version 12.00
# Visual Studio Version 16
VisualStudioVersion = 16.0.31702.278
MinimumVisualStudioVersion = 10.0.40219.1
Project("{FAE04EC0-301F-11D3-BF4B-00C04F79EFBC}") = "eRecycle", "eRecycle\eRecycle.csproj", "{41D51D93-5D26-4385-945E-6C9C183CFA25}"
EndProject
Global
	GlobalSection(SolutionConfigurationPlatforms) = preSolution
		Debug|Any CPU = Debug|Any CPU
		Release|Any CPU = Release|Any CPU
	EndGlobalSection
	GlobalSection(ProjectConfigurationPlatforms) = postSolution
		{41D51D93-5D26-4385-945E-6C9C183CFA25}.Debug|Any CPU.ActiveCfg = Debug|Any CPU
		{41D51D93-5D26-4385-945E-6C9C183CFA25}.Debug|Any CPU.Build.0 = Debug|Any CPU
		{41D51D93-5D26-4385-945E-6C9C183CFA25}.Release|Any CPU.ActiveCfg = Release|Any CPU
		{41D51D93-5D26-4385-945E-6C9C183CFA25}.Release|Any CPU.Build.0 = Release|Any CPU
	EndGlobalSection
	GlobalSection(SolutionProperties) = preSolution
		HideSolutionNode = FALSE
	EndGlobalSection
	GlobalSection(ExtensibilityGlobals) = postSolution
		SolutionGuid = {4D37CC7F-FE81-47CB-B8D1-E5E95D50CE8C}
	EndGlobalSection
EndGlobal
